<Solution>
  <Folder Name="/Solution Items/">
    <File Path=".editorconfig" />
    <File Path="Directory.Build.props" />
    <File Path="Directory.Packages.props" />
    <File Path="global.json" />
  </Folder>
  <Folder Name="/src/">
    <Project Path="src/Decisya.AppHost/Decisya.AppHost.csproj" Id="c8fee898-5d0d-4751-b0d1-1d9ceb8b8455" />
    <Project Path="src/Decisya.ServiceDefaults/Decisya.ServiceDefaults.csproj" Id="87d5fc4a-34d4-4533-b69c-8912923737ca" />
    <Project Path="src/Decisya.SharedKernel/Decisya.SharedKernel.csproj" Id="80e325a2-4828-4c3a-a243-06add28232ee" />
  </Folder>
</Solution>
